{
    "name": "ott-movies-website",
    "version": "1.0.0",
    "lockfileVersion": 2,
    "requires": true,
    "devDependencies": {
      "node-sass": {
        "version": "7.0.1",
        "resolved": "https://registry.npmjs.org/node-sass/-/node-sass-7.0.1.tgz",
        "integrity": "sha512-...",
        "dev": true,
        "requires": {
          "chalk": "^2.4.1",
          "cross-spawn": "^7.0.0",
          "glob": "^7.1.2",
          "meow": "^8.1.0",
          "mkdirp": "^0.5.1",
          "node-gyp": "^8.0.0",
          "npmlog": "^4.1.2",
          "request": "^2.88.2",
          "sass-graph": "^2.2.4",
          "stdout-stream": "^1.4.1",
          "true-case-path": "^1.0.3"
        }
      }
    },
    "dependencies": {
      "chalk": {
        "version": "2.4.2",
        "resolved": "https://registry.npmjs.org/chalk/-/chalk-2.4.2.tgz",
        "integrity": "sha512-...",
        "dev": true
      },
      "glob": {
        "version": "7.1.7",
        "resolved": "https://registry.npmjs.org/glob/-/glob-7.1.7.tgz",
        "integrity": "sha512-...",
        "dev": true
      },
      "cross-spawn": {
        "version": "7.0.3",
        "resolved": "https://registry.npmjs.org/cross-spawn/-/cross-spawn-7.0.3.tgz",
        "integrity": "sha512-...",
        "dev": true,
        "requires": {
          "path-key": "^3.1.0",
          "shebang-command": "^2.0.0",
          "which": "^2.0.1"
        }
      },
      "node-gyp": {
        "version": "8.0.0",
        "resolved": "https://registry.npmjs.org/node-gyp/-/node-gyp-8.0.0.tgz",
        "integrity": "sha512-...",
        "dev": true
      }